// !$*UTF8*$!
{
	archiveVersion = 1;
	classes = {
	};
	objectVersion = 77;
	objects = {

/* Begin PBXBuildFile section */
		4DD253B82EA4B4AA0057DB8F /* SDWebImage in Frameworks */ = {isa = PBXBuildFile; productRef = 4DD253B72EA4B4AA0057DB8F /* SDWebImage */; };
		4DD253BA2EA4B4AA0057DB8F /* SDWebImageMapKit in Frameworks */ = {isa = PBXBuildFile; productRef = 4DD253B92EA4B4AA0057DB8F /* SDWebImageMapKit */; };
		4DD253C52EA4B6330057DB8F /* RealmSwift in Frameworks */ = {isa = PBXBuildFile; productRef = 4DD253C42EA4B6330057DB8F /* RealmSwift */; };
/* End PBXBuildFile section */

/* Begin PBXCopyFilesBuildPhase section */
		4DD253C12EA4B5FF0057DB8F /* Embed Frameworks */ = {
			isa = PBXCopyFilesBuildPhase;
			buildActionMask = 2147483647;
			dstPath = "";
			dstSubfolderSpec = 10;
			files = (
			);
			name = "Embed Frameworks";
			runOnlyForDeploymentPostprocessing = 0;
		};
/* End PBXCopyFilesBuildPhase section */

/* Begin PBXFileReference section */
		4DD253982EA4B3E30057DB8F /* ReaderApp.app */ = {isa = PBXFileReference; explicitFileType = wrapper.application; includeInIndex = 0; path = ReaderApp.app; sourceTree = BUILT_PRODUCTS_DIR; };
/* End PBXFileReference section */

/* Begin PBXFileSystemSynchronizedBuildFileExceptionSet section */
		4DD253AA2EA4B3E50057DB8F /* Exceptions for "ReaderApp" folder in "ReaderApp" target */ = {
			isa = PBXFileSystemSynchronizedBuildFileExceptionSet;
			membershipExceptions = (
				Info.plist,
			);
			target = 4DD253972EA4B3E30057DB8F /* ReaderApp */;
		};
/* End PBXFileSystemSynchronizedBuildFileExceptionSet section */

/* Begin PBXFileSystemSynchronizedRootGroup section */
		4DD2539A2EA4B3E30057DB8F /* ReaderApp */ = {
			isa = PBXFileSystemSynchronizedRootGroup;
			exceptions = (
				4DD253AA2EA4B3E50057DB8F /* Exceptions for "ReaderApp" folder in "ReaderApp" target */,
			);
			path = ReaderApp;
			sourceTree = "<group>";
		};
/* End PBXFileSystemSynchronizedRootGroup section */

/* Begin PBXFrameworksBuildPhase section */
		4DD253952EA4B3E30057DB8F /* Frameworks */ = {
			isa = PBXFrameworksBuildPhase;
			buildActionMask = 2147483647;
			files = (
				4DD253C52EA4B6330057DB8F /* RealmSwift in Frameworks */,
				4DD253BA2EA4B4AA0057DB8F /* SDWebImageMapKit in Frameworks */,
				4DD253B82EA4B4AA0057DB8F /* SDWebImage in Frameworks */,
			);
			runOnlyForDeploymentPostprocessing = 0;
		};
/* End PBXFrameworksBuildPhase section */

/* Begin PBXGroup section */
		4DD2538F2EA4B3E30057DB8F = {
			isa = PBXGroup;
			children = (
				4DD2539A2EA4B3E30057DB8F /* ReaderApp */,
				4DD253992EA4B3E30057DB8F /* Products */,
			);
			sourceTree = "<group>";
		};
		4DD253992EA4B3E30057DB8F /* Products */ = {
			isa = PBXGroup;
			children = (
				4DD253982EA4B3E30057DB8F /* ReaderApp.app */,
			);
			name = Products;
			sourceTree = "<group>";
		};
/* End PBXGroup section */

/* Begin PBXNativeTarget section */
		4DD253972EA4B3E30057DB8F /* ReaderApp */ = {
			isa = PBXNativeTarget;
			buildConfigurationList = 4DD253AB2EA4B3E50057DB8F /* Build configuration list for PBXNativeTarget "ReaderApp" */;
			buildPhases = (
				4DD253942EA4B3E30057DB8F /* Sources */,
				4DD253952EA4B3E30057DB8F /* Frameworks */,
				4DD253962EA4B3E30057DB8F /* Resources */,
				4DD253C12EA4B5FF0057DB8F /* Embed Frameworks */,
			);
			buildRules = (
			);
			dependencies = (
			);
			fileSystemSynchronizedGroups = (
				4DD2539A2EA4B3E30057DB8F /* ReaderApp */,
			);
			name = ReaderApp;
			packageProductDependencies = (
				4DD253B72EA4B4AA0057DB8F /* SDWebImage */,
				4DD253B92EA4B4AA0057DB8F /* SDWebImageMapKit */,
				4DD253C42EA4B6330057DB8F /* RealmSwift */,
			);
			productName = ReaderApp;
			productReference = 4DD253982EA4B3E30057DB8F /* ReaderApp.app */;
			productType = "com.apple.product-type.application";
		};
/* End PBXNativeTarget section */

/* Begin PBXProject section */
		4DD253902EA4B3E30057DB8F /* Project object */ = {
			isa = PBXProject;
			attributes = {
				BuildIndependentTargetsInParallel = 1;
				LastSwiftUpdateCheck = 1640;
				LastUpgradeCheck = 1640;
				TargetAttributes = {
					4DD253972EA4B3E30057DB8F = {
						CreatedOnToolsVersion = 16.4;
					};
				};
			};
			buildConfigurationList = 4DD253932EA4B3E30057DB8F /* Build configuration list for PBXProject "ReaderApp" */;
			developmentRegion = en;
			hasScannedForEncodings = 0;
			knownRegions = (
				en,
				Base,
			);
			mainGroup = 4DD2538F2EA4B3E30057DB8F;
			minimizedProjectReferenceProxies = 1;
			packageReferences = (
				4DD253B62EA4B4AA0057DB8F /* XCRemoteSwiftPackageReference "SDWebImage" */,
				4DD253C32EA4B6330057DB8F /* XCRemoteSwiftPackageReference "realm-swift" */,
			);
			preferredProjectObjectVersion = 77;
			productRefGroup = 4DD253992EA4B3E30057DB8F /* Products */;
			projectDirPath = "";
			projectRoot = "";
			targets = (
				4DD253972EA4B3E30057DB8F /* ReaderApp */,
			);
		};
/* End PBXProject section */

/* Begin PBXResourcesBuildPhase section */
		4DD253962EA4B3E30057DB8F /* Resources */ = {
			isa = PBXResourcesBuildPhase;
			buildActionMask = 2147483647;
			files = (
			);
			runOnlyForDeploymentPostprocessing = 0;
		};
/* End PBXResourcesBuildPhase section */

/* Begin PBXSourcesBuildPhase section */
		4DD253942EA4B3E30057DB8F /* Sources */ = {
			isa = PBXSourcesBuildPhase;
			buildActionMask = 2147483647;
			files = (
			);
			runOnlyForDeploymentPostprocessing = 0;
		};
/* End PBXSourcesBuildPhase section */

/* Begin XCBuildConfiguration section */
		4DD253AC2EA4B3E50057DB8F /* Debug */ = {
			isa = XCBuildConfiguration;
			buildSettings = {
				ASSETCATALOG_COMPILER_APPICON_NAME = AppIcon;
				ASSETCATALOG_COMPILER_GLOBAL_ACCENT_COLOR_NAME = AccentColor;
				CODE_SIGN_STYLE = Automatic;
				CURRENT_PROJECT_VERSION = 1;
				GENERATE_INFOPLIST_FILE = YES;
				INFOPLIST_FILE = ReaderApp/Info.plist;
				INFOPLIST_KEY_UIApplicationSupportsIndirectInputEvents = YES;
				INFOPLIST_KEY_UILaunchStoryboardName = LaunchScreen;
				INFOPLIST_KEY_UISupportedInterfaceOrientations_iPad = "UIInterfaceOrientationPortrait UIInterfaceOrientationPortraitUpsideDown UIInterfaceOrientationLandscapeLeft UIInterfaceOrientationLandscapeRight";
				INFOPLIST_KEY_UISupportedInterfaceOrientations_iPhone = "UIInterfaceOrientationPortrait UIInterfaceOrientationLandscapeLeft UIInterfaceOrientationLandscapeRight";
				LD_RUNPATH_SEARCH_PATHS = (
					"$(inherited)",
					"@executable_path/Frameworks",
				);
				MARKETING_VERSION = 1.0;
				PRODUCT_BUNDLE_IDENTIFIER = com.prraneth.ReaderApp;
				PRODUCT_NAME = "$(TARGET_NAME)";
				SWIFT_EMIT_LOC_STRINGS = YES;
				SWIFT_VERSION = 5.0;
				TARGETED_DEVICE_FAMILY = "1,2";
			};
			name = Debug;
		};
		4DD253AD2EA4B3E50057DB8F /* Release */ = {
			isa = XCBuildConfiguration;
			buildSettings = {
				ASSETCATALOG_COMPILER_APPICON_NAME = AppIcon;
				ASSETCATALOG_COMPILER_GLOBAL_ACCENT_COLOR_NAME = AccentColor;
				CODE_SIGN_STYLE = Automatic;
				CURRENT_PROJECT_VERSION = 1;
				GENERATE_INFOPLIST_FILE = YES;
				INFOPLIST_FILE = ReaderApp/Info.plist;
				INFOPLIST_KEY_UIApplicationSupportsIndirectInputEvents = YES;
				INFOPLIST_KEY_UILaunchStoryboardName = LaunchScreen;
				INFOPLIST_KEY_UISupportedInterfaceOrientations_iPad = "UIInterfaceOrientationPortrait UIInterfaceOrientationPortraitUpsideDown UIInterfaceOrientationLandscapeLeft UIInterfaceOrientationLandscapeRight";
				INFOPLIST_KEY_UISupportedInterfaceOrientations_iPhone = "UIInterfaceOrientationPortrait UIInterfaceOrientationLandscapeLeft UIInterfaceOrientationLandscapeRight";
				LD_RUNPATH_SEARCH_PATHS = (
					"$(inherited)",
					"@executable_path/Frameworks",
				);
				MARKETING_VERSION = 1.0;
				PRODUCT_BUNDLE_IDENTIFIER = com.prraneth.ReaderApp;
				PRODUCT_NAME = "$(TARGET_NAME)";
				SWIFT_EMIT_LOC_STRINGS = YES;
				SWIFT_VERSION = 5.0;
				TARGETED_DEVICE_FAMILY = "1,2";
			};
			name = Release;
		};
		4DD253AE2EA4B3E50057DB8F /* Debug */ = {
			isa = XCBuildConfiguration;
			buildSettings = {
				ALWAYS_SEARCH_USER_PATHS = NO;
				ASSETCATALOG_COMPILER_GENERATE_SWIFT_ASSET_SYMBOL_EXTENSIONS = YES;
				CLANG_ANALYZER_NONNULL = YES;
				CLANG_ANALYZER_NUMBER_OBJECT_CONVERSION = YES_AGGRESSIVE;
				CLANG_CXX_LANGUAGE_STANDARD = "gnu++20";
				CLANG_ENABLE_MODULES = YES;
				CLANG_ENABLE_OBJC_ARC = YES;
				CLANG_ENABLE_OBJC_WEAK = YES;
				CLANG_WARN_BLOCK_CAPTURE_AUTORELEASING = YES;
				CLANG_WARN_BOOL_CONVERSION = YES;
				CLANG_WARN_COMMA = YES;
				CLANG_WARN_CONSTANT_CONVERSION = YES;
				CLANG_WARN_DEPRECATED_OBJC_IMPLEMENTATIONS = YES;
				CLANG_WARN_DIRECT_OBJC_ISA_USAGE = YES_ERROR;
				CLANG_WARN_DOCUMENTATION_COMMENTS = YES;
				CLANG_WARN_EMPTY_BODY = YES;
				CLANG_WARN_ENUM_CONVERSION = YES;
				CLANG_WARN_INFINITE_RECURSION = YES;
				CLANG_WARN_INT_CONVERSION = YES;
				CLANG_WARN_NON_LITERAL_NULL_CONVERSION = YES;
				CLANG_WARN_OBJC_IMPLICIT_RETAIN_SELF = YES;
				CLANG_WARN_OBJC_LITERAL_CONVERSION = YES;
				CLANG_WARN_OBJC_ROOT_CLASS = YES_ERROR;
				CLANG_WARN_QUOTED_INCLUDE_IN_FRAMEWORK_HEADER = YES;
				CLANG_WARN_RANGE_LOOP_ANALYSIS = YES;
				CLANG_WARN_STRICT_PROTOTYPES = YES;
				CLANG_WARN_SUSPICIOUS_MOVE = YES;
				CLANG_WARN_UNGUARDED_AVAILABILITY = YES_AGGRESSIVE;
				CLANG_WARN_UNREACHABLE_CODE = YES;
				CLANG_WARN__DUPLICATE_METHOD_MATCH = YES;
				COPY_PHASE_STRIP = NO;
				DEBUG_INFORMATION_FORMAT = dwarf;
				ENABLE_STRICT_OBJC_MSGSEND = YES;
				ENABLE_TESTABILITY = YES;
				ENABLE_USER_SCRIPT_SANDBOXING = YES;
				GCC_C_LANGUAGE_STANDARD = gnu17;
				GCC_DYNAMIC_NO_PIC = NO;
				GCC_NO_COMMON_BLOCKS = YES;
				GCC_OPTIMIZATION_LEVEL = 0;
				GCC_PREPROCESSOR_DEFINITIONS = (
					"DEBUG=1",
					"$(inherited)",
				);
				GCC_WARN_64_TO_32_BIT_CONVERSION = YES;
				GCC_WARN_ABOUT_RETURN_TYPE = YES_ERROR;
				GCC_WARN_UNDECLARED_SELECTOR = YES;
				GCC_WARN_UNINITIALIZED_AUTOS = YES_AGGRESSIVE;
				GCC_WARN_UNUSED_FUNCTION = YES;
				GCC_WARN_UNUSED_VARIABLE = YES;
				IPHONEOS_DEPLOYMENT_TARGET = 18.5;
				LOCALIZATION_PREFERS_STRING_CATALOGS = YES;
				MTL_ENABLE_DEBUG_INFO = INCLUDE_SOURCE;
				MTL_FAST_MATH = YES;
				ONLY_ACTIVE_ARCH = YES;
				SDKROOT = iphoneos;
				SWIFT_ACTIVE_COMPILATION_CONDITIONS = "DEBUG $(inherited)";
				SWIFT_OPTIMIZATION_LEVEL = "-Onone";
			};
			name = Debug;
		};
		4DD253AF2EA4B3E50057DB8F /* Release */ = {
			isa = XCBuildConfiguration;
			buildSettings = {
				ALWAYS_SEARCH_USER_PATHS = NO;
				ASSETCATALOG_COMPILER_GENERATE_SWIFT_ASSET_SYMBOL_EXTENSIONS = YES;
				CLANG_ANALYZER_NONNULL = YES;
				CLANG_ANALYZER_NUMBER_OBJECT_CONVERSION = YES_AGGRESSIVE;
				CLANG_CXX_LANGUAGE_STANDARD = "gnu++20";
				CLANG_ENABLE_MODULES = YES;
				CLANG_ENABLE_OBJC_ARC = YES;
				CLANG_ENABLE_OBJC_WEAK = YES;
				CLANG_WARN_BLOCK_CAPTURE_AUTORELEASING = YES;
				CLANG_WARN_BOOL_CONVERSION = YES;
				CLANG_WARN_COMMA = YES;
				CLANG_WARN_CONSTANT_CONVERSION = YES;
				CLANG_WARN_DEPRECATED_OBJC_IMPLEMENTATIONS = YES;
				CLANG_WARN_DIRECT_OBJC_ISA_USAGE = YES_ERROR;
				CLANG_WARN_DOCUMENTATION_COMMENTS = YES;
				CLANG_WARN_EMPTY_BODY = YES;
				CLANG_WARN_ENUM_CONVERSION = YES;
				CLANG_WARN_INFINITE_RECURSION = YES;
				CLANG_WARN_INT_CONVERSION = YES;
				CLANG_WARN_NON_LITERAL_NULL_CONVERSION = YES;
				CLANG_WARN_OBJC_IMPLICIT_RETAIN_SELF = YES;
				CLANG_WARN_OBJC_LITERAL_CONVERSION = YES;
				CLANG_WARN_OBJC_ROOT_CLASS = YES_ERROR;
				CLANG_WARN_QUOTED_INCLUDE_IN_FRAMEWORK_HEADER = YES;
				CLANG_WARN_RANGE_LOOP_ANALYSIS = YES;
				CLANG_WARN_STRICT_PROTOTYPES = YES;
				CLANG_WARN_SUSPICIOUS_MOVE = YES;
				CLANG_WARN_UNGUARDED_AVAILABILITY = YES_AGGRESSIVE;
				CLANG_WARN_UNREACHABLE_CODE = YES;
				CLANG_WARN__DUPLICATE_METHOD_MATCH = YES;
				COPY_PHASE_STRIP = NO;
				DEBUG_INFORMATION_FORMAT = "dwarf-with-dsym";
				ENABLE_NS_ASSERTIONS = NO;
				ENABLE_STRICT_OBJC_MSGSEND = YES;
				ENABLE_USER_SCRIPT_SANDBOXING = YES;
				GCC_C_LANGUAGE_STANDARD = gnu17;
				GCC_NO_COMMON_BLOCKS = YES;
				GCC_WARN_64_TO_32_BIT_CONVERSION = YES;
				GCC_WARN_ABOUT_RETURN_TYPE = YES_ERROR;
				GCC_WARN_UNDECLARED_SELECTOR = YES;
				GCC_WARN_UNINITIALIZED_AUTOS = YES_AGGRESSIVE;
				GCC_WARN_UNUSED_FUNCTION = YES;
				GCC_WARN_UNUSED_VARIABLE = YES;
				IPHONEOS_DEPLOYMENT_TARGET = 18.5;
				LOCALIZATION_PREFERS_STRING_CATALOGS = YES;
				MTL_ENABLE_DEBUG_INFO = NO;
				MTL_FAST_MATH = YES;
				SDKROOT = iphoneos;
				SWIFT_COMPILATION_MODE = wholemodule;
				VALIDATE_PRODUCT = YES;
			};
			name = Release;
		};
/* End XCBuildConfiguration section */

/* Begin XCConfigurationList section */
		4DD253932EA4B3E30057DB8F /* Build configuration list for PBXProject "ReaderApp" */ = {
			isa = XCConfigurationList;
			buildConfigurations = (
				4DD253AE2EA4B3E50057DB8F /* Debug */,
				4DD253AF2EA4B3E50057DB8F /* Release */,
			);
			defaultConfigurationIsVisible = 0;
			defaultConfigurationName = Release;
		};
		4DD253AB2EA4B3E50057DB8F /* Build configuration list for PBXNativeTarget "ReaderApp" */ = {
			isa = XCConfigurationList;
			buildConfigurations = (
				4DD253AC2EA4B3E50057DB8F /* Debug */,
				4DD253AD2EA4B3E50057DB8F /* Release */,
			);
			defaultConfigurationIsVisible = 0;
			defaultConfigurationName = Release;
		};
/* End XCConfigurationList section */

/* Begin XCRemoteSwiftPackageReference section */
		4DD253B62EA4B4AA0057DB8F /* XCRemoteSwiftPackageReference "SDWebImage" */ = {
			isa = XCRemoteSwiftPackageReference;
			repositoryURL = "https://github.com/SDWebImage/SDWebImage.git";
			requirement = {
				kind = upToNextMajorVersion;
				minimumVersion = 5.21.3;
			};
		};
		4DD253C32EA4B6330057DB8F /* XCRemoteSwiftPackageReference "realm-swift" */ = {
			isa = XCRemoteSwiftPackageReference;
			repositoryURL = "https://github.com/realm/realm-swift.git";
			requirement = {
				branch = master;
				kind = branch;
			};
		};
/* End XCRemoteSwiftPackageReference section */

/* Begin XCSwiftPackageProductDependency section */
		4DD253B72EA4B4AA0057DB8F /* SDWebImage */ = {
			isa = XCSwiftPackageProductDependency;
			package = 4DD253B62EA4B4AA0057DB8F /* XCRemoteSwiftPackageReference "SDWebImage" */;
			productName = SDWebImage;
		};
		4DD253B92EA4B4AA0057DB8F /* SDWebImageMapKit */ = {
			isa = XCSwiftPackageProductDependency;
			package = 4DD253B62EA4B4AA0057DB8F /* XCRemoteSwiftPackageReference "SDWebImage" */;
			productName = SDWebImageMapKit;
		};
		4DD253C42EA4B6330057DB8F /* RealmSwift */ = {
			isa = XCSwiftPackageProductDependency;
			package = 4DD253C32EA4B6330057DB8F /* XCRemoteSwiftPackageReference "realm-swift" */;
			productName = RealmSwift;
		};
/* End XCSwiftPackageProductDependency section */
	};
	rootObject = 4DD253902EA4B3E30057DB8F /* Project object */;
}
